
Microsoft Visual Studio Solution File, Format Version 12.00
# Visual Studio Version 17
VisualStudioVersion = 17.7.34003.232
MinimumVisualStudioVersion = 10.0.40219.1
Project("{FAE04EC0-301F-11D3-BF4B-00C04F79EFBC}") = "CrossplatformTestToolKit", "CrossplatformTestToolKit.csproj", "{FCFCB11E-00C8-4539-88EF-AFC6C4CD8FCF}"
EndProject
Global
	GlobalSection(SolutionConfigurationPlatforms) = preSolution
		Debug|Any CPU = Debug|Any CPU
		Release|Any CPU = Release|Any CPU
	EndGlobalSection
	GlobalSection(ProjectConfigurationPlatforms) = postSolution
		{FCFCB11E-00C8-4539-88EF-AFC6C4CD8FCF}.Debug|Any CPU.ActiveCfg = Debug|Any CPU
		{FCFCB11E-00C8-4539-88EF-AFC6C4CD8FCF}.Debug|Any CPU.Build.0 = Debug|Any CPU
		{FCFCB11E-00C8-4539-88EF-AFC6C4CD8FCF}.Release|Any CPU.ActiveCfg = Release|Any CPU
		{FCFCB11E-00C8-4539-88EF-AFC6C4CD8FCF}.Release|Any CPU.Build.0 = Release|Any CPU
	EndGlobalSection
	GlobalSection(SolutionProperties) = preSolution
		HideSolutionNode = FALSE
	EndGlobalSection
	GlobalSection(ExtensibilityGlobals) = postSolution
		SolutionGuid = {2A717815-D7F6-48BB-8241-97B34E534EA3}
	EndGlobalSection
EndGlobal
